# This file is automatically @generated by Cargo.
# It is not intended for manual editing.
version = 4

[[package]]
name = "addr2line"
version = "0.25.1"
source = "registry+https://github.com/rust-lang/crates.io-index"
checksum = "1b5d307320b3181d6d7954e663bd7c774a838b8220fe0593c86d9fb09f498b4b"
dependencies = [
 "gimli",
]

[[package]]
name = "adler2"
version = "2.0.1"
source = "registry+https://github.com/rust-lang/crates.io-index"
checksum = "320119579fcad9c21884f5c4861d16174d0e06250625266f50fe6898340abefa"

[[package]]
name = "aho-corasick"
version = "1.1.3"
source = "registry+https://github.com/rust-lang/crates.io-index"
checksum = "8e60d3430d3a69478ad0993f19238d2df97c507009a52b3c10addcd7f6bcb916"
dependencies = [
 "memchr",
]

[[package]]
name = "async-dispatcher"
version = "0.1.0"
source = "git+https://github.com/SpiralP/rust-async-dispatcher.git?branch=main#f0e86ff7a59f895eda4bd12cabf238ebe601a7e4"
dependencies = [
 "futures",
]

[[package]]
name = "backtrace"
version = "0.3.76"
source = "registry+https://github.com/rust-lang/crates.io-index"
checksum = "bb531853791a215d7c62a30daf0dde835f381ab5de4589cfe7c649d2cbe92bd6"
dependencies = [
 "addr2line",
 "cfg-if",
 "libc",
 "miniz_oxide",
 "object",
 "rustc-demangle",
 "windows-link",
]

[[package]]
name = "bindgen"
version = "0.72.1"
source = "registry+https://github.com/rust-lang/crates.io-index"
checksum = "993776b509cfb49c750f11b8f07a46fa23e0a1386ffc01fb1e7d343efc387895"
dependencies = [
 "bitflags",
 "cexpr",
 "clang-sys",
 "itertools",
 "log",
 "prettyplease",
 "proc-macro2",
 "quote",
 "regex",
 "rustc-hash",
 "shlex",
 "syn",
]

[[package]]
name = "bitflags"
version = "2.9.4"
source = "registry+https://github.com/rust-lang/crates.io-index"
checksum = "2261d10cca569e4643e526d8dc2e62e433cc8aba21ab764233731f8d369bf394"

[[package]]
name = "byteorder"
version = "1.5.0"
source = "registry+https://github.com/rust-lang/crates.io-index"
checksum = "1fd0f2584146f6f2ef48085050886acf353beff7305ebd1ae69500e27c67f64b"

[[package]]
name = "bytes"
version = "1.10.1"
source = "registry+https://github.com/rust-lang/crates.io-index"
checksum = "d71b6127be86fdcfddb610f7182ac57211d4b18a3e9c82eb2d17662f2227ad6a"

[[package]]
name = "cc"
version = "1.2.41"
source = "registry+https://github.com/rust-lang/crates.io-index"
checksum = "ac9fe6cdbb24b6ade63616c0a0688e45bb56732262c158df3c0c4bea4ca47cb7"
dependencies = [
 "find-msvc-tools",
 "shlex",
]

[[package]]
name = "cexpr"
version = "0.6.0"
source = "registry+https://github.com/rust-lang/crates.io-index"
checksum = "6fac387a98bb7c37292057cffc56d62ecb629900026402633ae9160df93a8766"
dependencies = [
 "nom",
]

[[package]]
name = "cfg-if"
version = "1.0.3"
source = "registry+https://github.com/rust-lang/crates.io-index"
checksum = "2fd1289c04a9ea8cb22300a459a72a385d7c73d3259e2ed7dcb2af674838cfa9"

[[package]]
name = "clang-sys"
version = "1.8.1"
source = "registry+https://github.com/rust-lang/crates.io-index"
checksum = "0b023947811758c97c59bf9d1c188fd619ad4718dcaa767947df1cadb14f39f4"
dependencies = [
 "glob",
 "libc",
 "libloading",
]

[[package]]
name = "classicube-anti-afk-plugin"
version = "0.1.0"
dependencies = [
 "byteorder",
 "classicube-helpers",
 "classicube-sys",
]

[[package]]
name = "classicube-helpers"
version = "3.0.0+classicube.1.3.7"
source = "git+https://github.com/SpiralP/rust-classicube-helpers.git?branch=main#e0e313656ddbb9cb47faa56d0db89f55cd595e9a"
dependencies = [
 "async-dispatcher",
 "classicube-sys",
 "futures",
 "futures-timer",
 "paste",
 "tokio",
 "tracing",
]

[[package]]
name = "classicube-sys"
version = "4.3.0+ClassiCube.1.3.7"
source = "registry+https://github.com/rust-lang/crates.io-index"
checksum = "fa859a1502165fedc919443ea0a43c24bb2555f694e01ae8dfa0fdf5108d9b20"
dependencies = [
 "bindgen",
 "cc",
 "fs_extra",
 "paste",
 "regex",
]

[[package]]
name = "either"
version = "1.15.0"
source = "registry+https://github.com/rust-lang/crates.io-index"
checksum = "48c757948c5ede0e46177b7add2e67155f70e33c07fea8284df6576da70b3719"

[[package]]
name = "find-msvc-tools"
version = "0.1.4"
source = "registry+https://github.com/rust-lang/crates.io-index"
checksum = "52051878f80a721bb68ebfbc930e07b65ba72f2da88968ea5c06fd6ca3d3a127"

[[package]]
name = "fs_extra"
version = "1.3.0"
source = "registry+https://github.com/rust-lang/crates.io-index"
checksum = "42703706b716c37f96a77aea830392ad231f44c9e9a67872fa5548707e11b11c"

[[package]]
name = "futures"
version = "0.3.31"
source = "registry+https://github.com/rust-lang/crates.io-index"
checksum = "65bc07b1a8bc7c85c5f2e110c476c7389b4554ba72af57d8445ea63a576b0876"
dependencies = [
 "futures-channel",
 "futures-core",
 "futures-executor",
 "futures-io",
 "futures-sink",
 "futures-task",
 "futures-util",
]

[[package]]
name = "futures-channel"
version = "0.3.31"
source = "registry+https://github.com/rust-lang/crates.io-index"
checksum = "2dff15bf788c671c1934e366d07e30c1814a8ef514e1af724a602e8a2fbe1b10"
dependencies = [
 "futures-core",
 "futures-sink",
]

[[package]]
name = "futures-core"
version = "0.3.31"
source = "registry+https://github.com/rust-lang/crates.io-index"
checksum = "05f29059c0c2090612e8d742178b0580d2dc940c837851ad723096f87af6663e"

[[package]]
name = "futures-executor"
version = "0.3.31"
source = "registry+https://github.com/rust-lang/crates.io-index"
checksum = "1e28d1d997f585e54aebc3f97d39e72338912123a67330d723fdbb564d646c9f"
dependencies = [
 "futures-core",
 "futures-task",
 "futures-util",
]

[[package]]
name = "futures-io"
version = "0.3.31"
source = "registry+https://github.com/rust-lang/crates.io-index"
checksum = "9e5c1b78ca4aae1ac06c48a526a655760685149f0d465d21f37abfe57ce075c6"

[[package]]
name = "futures-macro"
version = "0.3.31"
source = "registry+https://github.com/rust-lang/crates.io-index"
checksum = "162ee34ebcb7c64a8abebc059ce0fee27c2262618d7b60ed8faf72fef13c3650"
dependencies = [
 "proc-macro2",
 "quote",
 "syn",
]

[[package]]
name = "futures-sink"
version = "0.3.31"
source = "registry+https://github.com/rust-lang/crates.io-index"
checksum = "e575fab7d1e0dcb8d0c7bcf9a63ee213816ab51902e6d244a95819acacf1d4f7"

[[package]]
name = "futures-task"
version = "0.3.31"
source = "registry+https://github.com/rust-lang/crates.io-index"
checksum = "f90f7dce0722e95104fcb095585910c0977252f286e354b5e3bd38902cd99988"

[[package]]
name = "futures-timer"
version = "3.0.3"
source = "registry+https://github.com/rust-lang/crates.io-index"
checksum = "f288b0a4f20f9a56b5d1da57e2227c661b7b16168e2f72365f57b63326e29b24"

[[package]]
name = "futures-util"
version = "0.3.31"
source = "registry+https://github.com/rust-lang/crates.io-index"
checksum = "9fa08315bb612088cc391249efdc3bc77536f16c91f6cf495e6fbe85b20a4a81"
dependencies = [
 "futures-channel",
 "futures-core",
 "futures-io",
 "futures-macro",
 "futures-sink",
 "futures-task",
 "memchr",
 "pin-project-lite",
 "pin-utils",
 "slab",
]

[[package]]
name = "gimli"
version = "0.32.3"
source = "registry+https://github.com/rust-lang/crates.io-index"
checksum = "e629b9b98ef3dd8afe6ca2bd0f89306cec16d43d907889945bc5d6687f2f13c7"

[[package]]
name = "glob"
version = "0.3.3"
source = "registry+https://github.com/rust-lang/crates.io-index"
checksum = "0cc23270f6e1808e30a928bdc84dea0b9b4136a8bc82338574f23baf47bbd280"

[[package]]
name = "io-uring"
version = "0.7.10"
source = "registry+https://github.com/rust-lang/crates.io-index"
checksum = "046fa2d4d00aea763528b4950358d0ead425372445dc8ff86312b3c69ff7727b"
dependencies = [
 "bitflags",
 "cfg-if",
 "libc",
]

[[package]]
name = "itertools"
version = "0.13.0"
source = "registry+https://github.com/rust-lang/crates.io-index"
checksum = "413ee7dfc52ee1a4949ceeb7dbc8a33f2d6c088194d9f922fb8318faf1f01186"
dependencies = [
 "either",
]

[[package]]
name = "libc"
version = "0.2.177"
source = "registry+https://github.com/rust-lang/crates.io-index"
checksum = "2874a2af47a2325c2001a6e6fad9b16a53b802102b528163885171cf92b15976"

[[package]]
name = "libloading"
version = "0.8.9"
source = "registry+https://github.com/rust-lang/crates.io-index"
checksum = "d7c4b02199fee7c5d21a5ae7d8cfa79a6ef5bb2fc834d6e9058e89c825efdc55"
dependencies = [
 "cfg-if",
 "windows-link",
]

[[package]]
name = "lock_api"
version = "0.4.14"
source = "registry+https://github.com/rust-lang/crates.io-index"
checksum = "224399e74b87b5f3557511d98dff8b14089b3dadafcab6bb93eab67d3aace965"
dependencies = [
 "scopeguard",
]

[[package]]
name = "log"
version = "0.4.28"
source = "registry+https://github.com/rust-lang/crates.io-index"
checksum = "34080505efa8e45a4b816c349525ebe327ceaa8559756f0356cba97ef3bf7432"

[[package]]
name = "memchr"
version = "2.7.6"
source = "registry+https://github.com/rust-lang/crates.io-index"
checksum = "f52b00d39961fc5b2736ea853c9cc86238e165017a493d1d5c8eac6bdc4cc273"

[[package]]
name = "minimal-lexical"
version = "0.2.1"
source = "registry+https://github.com/rust-lang/crates.io-index"
checksum = "68354c5c6bd36d73ff3feceb05efa59b6acb7626617f4962be322a825e61f79a"

[[package]]
name = "miniz_oxide"
version = "0.8.9"
source = "registry+https://github.com/rust-lang/crates.io-index"
checksum = "1fa76a2c86f704bdb222d66965fb3d63269ce38518b83cb0575fca855ebb6316"
dependencies = [
 "adler2",
]

[[package]]
name = "mio"
version = "1.0.4"
source = "registry+https://github.com/rust-lang/crates.io-index"
checksum = "78bed444cc8a2160f01cbcf811ef18cac863ad68ae8ca62092e8db51d51c761c"
dependencies = [
 "libc",
 "wasi",
 "windows-sys",
]

[[package]]
name = "nom"
version = "7.1.3"
source = "registry+https://github.com/rust-lang/crates.io-index"
checksum = "d273983c5a657a70a3e8f2a01329822f3b8c8172b73826411a55751e404a0a4a"
dependencies = [
 "memchr",
 "minimal-lexical",
]

[[package]]
name = "object"
version = "0.37.3"
source = "registry+https://github.com/rust-lang/crates.io-index"
checksum = "ff76201f031d8863c38aa7f905eca4f53abbfa15f609db4277d44cd8938f33fe"
dependencies = [
 "memchr",
]

[[package]]
name = "once_cell"
version = "1.21.3"
source = "registry+https://github.com/rust-lang/crates.io-index"
checksum = "42f5e15c9953c5e4ccceeb2e7382a716482c34515315f7b03532b8b4e8393d2d"

[[package]]
name = "parking_lot"
version = "0.12.5"
source = "registry+https://github.com/rust-lang/crates.io-index"
checksum = "93857453250e3077bd71ff98b6a65ea6621a19bb0f559a85248955ac12c45a1a"
dependencies = [
 "lock_api",
 "parking_lot_core",
]

[[package]]
name = "parking_lot_core"
version = "0.9.12"
source = "registry+https://github.com/rust-lang/crates.io-index"
checksum = "2621685985a2ebf1c516881c026032ac7deafcda1a2c9b7850dc81e3dfcb64c1"
dependencies = [
 "cfg-if",
 "libc",
 "redox_syscall",
 "smallvec",
 "windows-link",
]

[[package]]
name = "paste"
version = "1.0.15"
source = "registry+https://github.com/rust-lang/crates.io-index"
checksum = "57c0d7b74b563b49d38dae00a0c37d4d6de9b432382b2892f0574ddcae73fd0a"

[[package]]
name = "pin-project-lite"
version = "0.2.16"
source = "registry+https://github.com/rust-lang/crates.io-index"
checksum = "3b3cff922bd51709b605d9ead9aa71031d81447142d828eb4a6eba76fe619f9b"

[[package]]
name = "pin-utils"
version = "0.1.0"
source = "registry+https://github.com/rust-lang/crates.io-index"
checksum = "8b870d8c151b6f2fb93e84a13146138f05d02ed11c7e7c54f8826aaaf7c9f184"

[[package]]
name = "prettyplease"
version = "0.2.37"
source = "registry+https://github.com/rust-lang/crates.io-index"
checksum = "479ca8adacdd7ce8f1fb39ce9ecccbfe93a3f1344b3d0d97f20bc0196208f62b"
dependencies = [
 "proc-macro2",
 "syn",
]

[[package]]
name = "proc-macro2"
version = "1.0.101"
source = "registry+https://github.com/rust-lang/crates.io-index"
checksum = "89ae43fd86e4158d6db51ad8e2b80f313af9cc74f5c0e03ccb87de09998732de"
dependencies = [
 "unicode-ident",
]

[[package]]
name = "quote"
version = "1.0.41"
source = "registry+https://github.com/rust-lang/crates.io-index"
checksum = "ce25767e7b499d1b604768e7cde645d14cc8584231ea6b295e9c9eb22c02e1d1"
dependencies = [
 "proc-macro2",
]

[[package]]
name = "redox_syscall"
version = "0.5.18"
source = "registry+https://github.com/rust-lang/crates.io-index"
checksum = "ed2bf2547551a7053d6fdfafda3f938979645c44812fbfcda098faae3f1a362d"
dependencies = [
 "bitflags",
]

[[package]]
name = "regex"
version = "1.12.1"
source = "registry+https://github.com/rust-lang/crates.io-index"
checksum = "4a52d8d02cacdb176ef4678de6c052efb4b3da14b78e4db683a4252762be5433"
dependencies = [
 "aho-corasick",
 "memchr",
 "regex-automata",
 "regex-syntax",
]

[[package]]
name = "regex-automata"
version = "0.4.12"
source = "registry+https://github.com/rust-lang/crates.io-index"
checksum = "722166aa0d7438abbaa4d5cc2c649dac844e8c56d82fb3d33e9c34b5cd268fc6"
dependencies = [
 "aho-corasick",
 "memchr",
 "regex-syntax",
]

[[package]]
name = "regex-syntax"
version = "0.8.7"
source = "registry+https://github.com/rust-lang/crates.io-index"
checksum = "c3160422bbd54dd5ecfdca71e5fd59b7b8fe2b1697ab2baf64f6d05dcc66d298"

[[package]]
name = "rustc-demangle"
version = "0.1.26"
source = "registry+https://github.com/rust-lang/crates.io-index"
checksum = "56f7d92ca342cea22a06f2121d944b4fd82af56988c270852495420f961d4ace"

[[package]]
name = "rustc-hash"
version = "2.1.1"
source = "registry+https://github.com/rust-lang/crates.io-index"
checksum = "357703d41365b4b27c590e3ed91eabb1b663f07c4c084095e60cbed4362dff0d"

[[package]]
name = "scopeguard"
version = "1.2.0"
source = "registry+https://github.com/rust-lang/crates.io-index"
checksum = "94143f37725109f92c262ed2cf5e59bce7498c01bcc1502d7b9afe439a4e9f49"

[[package]]
name = "shlex"
version = "1.3.0"
source = "registry+https://github.com/rust-lang/crates.io-index"
checksum = "0fda2ff0d084019ba4d7c6f371c95d8fd75ce3524c3cb8fb653a3023f6323e64"

[[package]]
name = "signal-hook-registry"
version = "1.4.6"
source = "registry+https://github.com/rust-lang/crates.io-index"
checksum = "b2a4719bff48cee6b39d12c020eeb490953ad2443b7055bd0b21fca26bd8c28b"
dependencies = [
 "libc",
]

[[package]]
name = "slab"
version = "0.4.11"
source = "registry+https://github.com/rust-lang/crates.io-index"
checksum = "7a2ae44ef20feb57a68b23d846850f861394c2e02dc425a50098ae8c90267589"

[[package]]
name = "smallvec"
version = "1.15.1"
source = "registry+https://github.com/rust-lang/crates.io-index"
checksum = "67b1b7a3b5fe4f1376887184045fcf45c69e92af734b7aaddc05fb777b6fbd03"

[[package]]
name = "socket2"
version = "0.6.0"
source = "registry+https://github.com/rust-lang/crates.io-index"
checksum = "233504af464074f9d066d7b5416c5f9b894a5862a6506e306f7b816cdd6f1807"
dependencies = [
 "libc",
 "windows-sys",
]

[[package]]
name = "syn"
version = "2.0.106"
source = "registry+https://github.com/rust-lang/crates.io-index"
checksum = "ede7c438028d4436d71104916910f5bb611972c5cfd7f89b8300a8186e6fada6"
dependencies = [
 "proc-macro2",
 "quote",
 "unicode-ident",
]

[[package]]
name = "tokio"
version = "1.47.1"
source = "registry+https://github.com/rust-lang/crates.io-index"
checksum = "89e49afdadebb872d3145a5638b59eb0691ea23e46ca484037cfab3b76b95038"
dependencies = [
 "backtrace",
 "bytes",
 "io-uring",
 "libc",
 "mio",
 "parking_lot",
 "pin-project-lite",
 "signal-hook-registry",
 "slab",
 "socket2",
 "tokio-macros",
 "windows-sys",
]

[[package]]
name = "tokio-macros"
version = "2.5.0"
source = "registry+https://github.com/rust-lang/crates.io-index"
checksum = "6e06d43f1345a3bcd39f6a56dbb7dcab2ba47e68e8ac134855e7e2bdbaf8cab8"
dependencies = [
 "proc-macro2",
 "quote",
 "syn",
]

[[package]]
name = "tracing"
version = "0.1.41"
source = "registry+https://github.com/rust-lang/crates.io-index"
checksum = "784e0ac535deb450455cbfa28a6f0df145ea1bb7ae51b821cf5e7927fdcfbdd0"
dependencies = [
 "pin-project-lite",
 "tracing-attributes",
 "tracing-core",
]

[[package]]
name = "tracing-attributes"
version = "0.1.30"
source = "registry+https://github.com/rust-lang/crates.io-index"
checksum = "81383ab64e72a7a8b8e13130c49e3dab29def6d0c7d76a03087b3cf71c5c6903"
dependencies = [
 "proc-macro2",
 "quote",
 "syn",
]

[[package]]
name = "tracing-core"
version = "0.1.34"
source = "registry+https://github.com/rust-lang/crates.io-index"
checksum = "b9d12581f227e93f094d3af2ae690a574abb8a2b9b7a96e7cfe9647b2b617678"
dependencies = [
 "once_cell",
]

[[package]]
name = "unicode-ident"
version = "1.0.19"
source = "registry+https://github.com/rust-lang/crates.io-index"
checksum = "f63a545481291138910575129486daeaf8ac54aee4387fe7906919f7830c7d9d"

[[package]]
name = "wasi"
version = "0.11.1+wasi-snapshot-preview1"
source = "registry+https://github.com/rust-lang/crates.io-index"
checksum = "ccf3ec651a847eb01de73ccad15eb7d99f80485de043efb2f370cd654f4ea44b"

[[package]]
name = "windows-link"
version = "0.2.1"
source = "registry+https://github.com/rust-lang/crates.io-index"
checksum = "f0805222e57f7521d6a62e36fa9163bc891acd422f971defe97d64e70d0a4fe5"

[[package]]
name = "windows-sys"
version = "0.59.0"
source = "registry+https://github.com/rust-lang/crates.io-index"
checksum = "1e38bc4d79ed67fd075bcc251a1c39b32a1776bbe92e5bef1f0bf1f8c531853b"
dependencies = [
 "windows-targets",
]

[[package]]
name = "windows-targets"
version = "0.52.6"
source = "registry+https://github.com/rust-lang/crates.io-index"
checksum = "9b724f72796e036ab90c1021d4780d4d3d648aca59e491e6b98e725b84e99973"
dependencies = [
 "windows_aarch64_gnullvm",
 "windows_aarch64_msvc",
 "windows_i686_gnu",
 "windows_i686_gnullvm",
 "windows_i686_msvc",
 "windows_x86_64_gnu",
 "windows_x86_64_gnullvm",
 "windows_x86_64_msvc",
]

[[package]]
name = "windows_aarch64_gnullvm"
version = "0.52.6"
source = "registry+https://github.com/rust-lang/crates.io-index"
checksum = "32a4622180e7a0ec044bb555404c800bc9fd9ec262ec147edd5989ccd0c02cd3"

[[package]]
name = "windows_aarch64_msvc"
version = "0.52.6"
source = "registry+https://github.com/rust-lang/crates.io-index"
checksum = "09ec2a7bb152e2252b53fa7803150007879548bc709c039df7627cabbd05d469"

[[package]]
name = "windows_i686_gnu"
version = "0.52.6"
source = "registry+https://github.com/rust-lang/crates.io-index"
checksum = "8e9b5ad5ab802e97eb8e295ac6720e509ee4c243f69d781394014ebfe8bbfa0b"

[[package]]
name = "windows_i686_gnullvm"
version = "0.52.6"
source = "registry+https://github.com/rust-lang/crates.io-index"
checksum = "0eee52d38c090b3caa76c563b86c3a4bd71ef1a819287c19d586d7334ae8ed66"

[[package]]
name = "windows_i686_msvc"
version = "0.52.6"
source = "registry+https://github.com/rust-lang/crates.io-index"
checksum = "240948bc05c5e7c6dabba28bf89d89ffce3e303022809e73deaefe4f6ec56c66"

[[package]]
name = "windows_x86_64_gnu"
version = "0.52.6"
source = "registry+https://github.com/rust-lang/crates.io-index"
checksum = "147a5c80aabfbf0c7d901cb5895d1de30ef2907eb21fbbab29ca94c5b08b1a78"

[[package]]
name = "windows_x86_64_gnullvm"
version = "0.52.6"
source = "registry+https://github.com/rust-lang/crates.io-index"
checksum = "24d5b23dc417412679681396f2b49f3de8c1473deb516bd34410872eff51ed0d"

[[package]]
name = "windows_x86_64_msvc"
version = "0.52.6"
source = "registry+https://github.com/rust-lang/crates.io-index"
checksum = "589f6da84c646204747d1270a2a5661ea66ed1cced2631d546fdfb155959f9ec"
